// !$*UTF8*$!
{
	archiveVersion = 1;
	classes = {
	};
	objectVersion = 77;
	objects = {

/* Begin PBXBuildFile section */
		8BFEB9D8E2A7A4A0EFC69E07 /* TaskData.swift in Sources */ = {isa = PBXBuildFile; fileRef = E40C5DE3959C1DF005E27EDD /* TaskData.swift */; };
		B14EF1ADB66096A38495A86F /* QuickNoteWidgetApp.swift in Sources */ = {isa = PBXBuildFile; fileRef = 6489B34BD85547A8AE7743DD /* QuickNoteWidgetApp.swift */; };
		C0FBB828383DE75626DC3811 /* QuickNoteWidget.swift in Sources */ = {isa = PBXBuildFile; fileRef = C01FF63C5663826680BFD622 /* QuickNoteWidget.swift */; };
/* End PBXBuildFile section */

/* Begin PBXContainerItemProxy section */
		1075E2D0511201792C5BFAB6 /* PBXContainerItemProxy */ = {
			isa = PBXContainerItemProxy;
			containerPortal = 704CF80A4B226DA374B0F762 /* Project object */;
			proxyType = 1;
			remoteGlobalIDString = E12CA2F241C22650586DA9CE;
			remoteInfo = QuickNoteWidget;
		};
/* End PBXContainerItemProxy section */

/* Begin PBXFileReference section */
		017782E8C985A54374331D2D /* QuickNoteWidget.app */ = {isa = PBXFileReference; explicitFileType = wrapper.application; includeInIndex = 0; path = QuickNoteWidget.app; sourceTree = BUILT_PRODUCTS_DIR; };
		238553DC5530716B3D5377CA /* Info.plist */ = {isa = PBXFileReference; lastKnownFileType = text.plist; path = Info.plist; sourceTree = "<group>"; };
		6489B34BD85547A8AE7743DD /* QuickNoteWidgetApp.swift */ = {isa = PBXFileReference; lastKnownFileType = sourcecode.swift; path = QuickNoteWidgetApp.swift; sourceTree = "<group>"; };
		695233887359BEF2076907A9 /* QuickNoteWidgetExtension.appex */ = {isa = PBXFileReference; explicitFileType = "wrapper.app-extension"; includeInIndex = 0; path = QuickNoteWidgetExtension.appex; sourceTree = BUILT_PRODUCTS_DIR; };
		C01FF63C5663826680BFD622 /* QuickNoteWidget.swift */ = {isa = PBXFileReference; lastKnownFileType = sourcecode.swift; path = QuickNoteWidget.swift; sourceTree = "<group>"; };
		E40C5DE3959C1DF005E27EDD /* TaskData.swift */ = {isa = PBXFileReference; lastKnownFileType = sourcecode.swift; path = TaskData.swift; sourceTree = "<group>"; };
/* End PBXFileReference section */

/* Begin PBXGroup section */
		0CFFD20D209900AD709BF517 = {
			isa = PBXGroup;
			children = (
				678DB5507897FA7C61511C88 /* QuickNoteWidget */,
				1113C55C127C016952A7D9C2 /* QuickNoteWidgetExtension */,
				2CC82825812FFF46292348FC /* Products */,
			);
			sourceTree = "<group>";
		};
		1113C55C127C016952A7D9C2 /* QuickNoteWidgetExtension */ = {
			isa = PBXGroup;
			children = (
				238553DC5530716B3D5377CA /* Info.plist */,
				C01FF63C5663826680BFD622 /* QuickNoteWidget.swift */,
				E40C5DE3959C1DF005E27EDD /* TaskData.swift */,
			);
			path = QuickNoteWidgetExtension;
			sourceTree = "<group>";
		};
		2CC82825812FFF46292348FC /* Products */ = {
			isa = PBXGroup;
			children = (
				017782E8C985A54374331D2D /* QuickNoteWidget.app */,
				695233887359BEF2076907A9 /* QuickNoteWidgetExtension.appex */,
			);
			name = Products;
			sourceTree = "<group>";
		};
		678DB5507897FA7C61511C88 /* QuickNoteWidget */ = {
			isa = PBXGroup;
			children = (
				6489B34BD85547A8AE7743DD /* QuickNoteWidgetApp.swift */,
			);
			path = QuickNoteWidget;
			sourceTree = "<group>";
		};
/* End PBXGroup section */

/* Begin PBXNativeTarget section */
		81A238B2201E1ED9936096A1 /* QuickNoteWidgetExtension */ = {
			isa = PBXNativeTarget;
			buildConfigurationList = AD4AF5E425478B130878E478 /* Build configuration list for PBXNativeTarget "QuickNoteWidgetExtension" */;
			buildPhases = (
				952A83FE2A7AB90D6E067A47 /* Sources */,
			);
			buildRules = (
			);
			dependencies = (
				D7A3E63E38ABF324627DBE2B /* PBXTargetDependency */,
			);
			name = QuickNoteWidgetExtension;
			packageProductDependencies = (
			);
			productName = QuickNoteWidgetExtension;
			productReference = 695233887359BEF2076907A9 /* QuickNoteWidgetExtension.appex */;
			productType = "com.apple.product-type.app-extension";
		};
		E12CA2F241C22650586DA9CE /* QuickNoteWidget */ = {
			isa = PBXNativeTarget;
			buildConfigurationList = 1C770BC1258B0AF6A816C7CD /* Build configuration list for PBXNativeTarget "QuickNoteWidget" */;
			buildPhases = (
				F9BEA9B5E99F1E53B0DF5D9F /* Sources */,
			);
			buildRules = (
			);
			dependencies = (
			);
			name = QuickNoteWidget;
			packageProductDependencies = (
			);
			productName = QuickNoteWidget;
			productReference = 017782E8C985A54374331D2D /* QuickNoteWidget.app */;
			productType = "com.apple.product-type.application";
		};
/* End PBXNativeTarget section */

/* Begin PBXProject section */
		704CF80A4B226DA374B0F762 /* Project object */ = {
			isa = PBXProject;
			attributes = {
				BuildIndependentTargetsInParallel = YES;
				LastUpgradeCheck = 1430;
				TargetAttributes = {
					81A238B2201E1ED9936096A1 = {
						ProvisioningStyle = Automatic;
					};
					E12CA2F241C22650586DA9CE = {
						ProvisioningStyle = Automatic;
					};
				};
			};
			buildConfigurationList = 0F31FE795262AD7CB90FBC31 /* Build configuration list for PBXProject "QuickNoteWidget" */;
			compatibilityVersion = "Xcode 14.0";
			developmentRegion = en;
			hasScannedForEncodings = 0;
			knownRegions = (
				Base,
				en,
			);
			mainGroup = 0CFFD20D209900AD709BF517;
			minimizedProjectReferenceProxies = 1;
			preferredProjectObjectVersion = 77;
			projectDirPath = "";
			projectRoot = "";
			targets = (
				E12CA2F241C22650586DA9CE /* QuickNoteWidget */,
				81A238B2201E1ED9936096A1 /* QuickNoteWidgetExtension */,
			);
		};
/* End PBXProject section */

/* Begin PBXSourcesBuildPhase section */
		952A83FE2A7AB90D6E067A47 /* Sources */ = {
			isa = PBXSourcesBuildPhase;
			buildActionMask = 2147483647;
			files = (
				C0FBB828383DE75626DC3811 /* QuickNoteWidget.swift in Sources */,
				8BFEB9D8E2A7A4A0EFC69E07 /* TaskData.swift in Sources */,
			);
			runOnlyForDeploymentPostprocessing = 0;
		};
		F9BEA9B5E99F1E53B0DF5D9F /* Sources */ = {
			isa = PBXSourcesBuildPhase;
			buildActionMask = 2147483647;
			files = (
				B14EF1ADB66096A38495A86F /* QuickNoteWidgetApp.swift in Sources */,
			);
			runOnlyForDeploymentPostprocessing = 0;
		};
/* End PBXSourcesBuildPhase section */

/* Begin PBXTargetDependency section */
		D7A3E63E38ABF324627DBE2B /* PBXTargetDependency */ = {
			isa = PBXTargetDependency;
			target = E12CA2F241C22650586DA9CE /* QuickNoteWidget */;
			targetProxy = 1075E2D0511201792C5BFAB6 /* PBXContainerItemProxy */;
		};
/* End PBXTargetDependency section */

/* Begin XCBuildConfiguration section */
		10228DE532D09A7527907FA7 /* Release */ = {
			isa = XCBuildConfiguration;
			buildSettings = {
				CODE_SIGN_STYLE = Automatic;
				COMBINE_HIDPI_IMAGES = YES;
				GENERATE_INFOPLIST_FILE = YES;
				INFOPLIST_FILE = QuickNoteWidgetExtension/Info.plist;
				INFOPLIST_KEY_CFBundleDisplayName = QuickNote;
				INFOPLIST_KEY_NSHumanReadableCopyright = "";
				LD_RUNPATH_SEARCH_PATHS = "$(inherited) @executable_path/../Frameworks @executable_path/../../../../Frameworks";
				MACOSX_DEPLOYMENT_TARGET = 14.0;
				PRODUCT_BUNDLE_IDENTIFIER = com.quicknote.widget.extension;
				PRODUCT_NAME = QuickNoteWidgetExtension;
				SDKROOT = macosx;
				SWIFT_VERSION = 5.9;
			};
			name = Release;
		};
		211F0C0610091C4CC6F65C43 /* Debug */ = {
			isa = XCBuildConfiguration;
			buildSettings = {
				ASSETCATALOG_COMPILER_APPICON_NAME = AppIcon;
				CODE_SIGN_STYLE = Automatic;
				COMBINE_HIDPI_IMAGES = YES;
				GENERATE_INFOPLIST_FILE = YES;
				INFOPLIST_KEY_CFBundleDisplayName = "QuickNote Widget";
				INFOPLIST_KEY_LSApplicationCategoryType = "public.app-category.productivity";
				LD_RUNPATH_SEARCH_PATHS = (
					"$(inherited)",
					"@executable_path/../Frameworks",
				);
				MACOSX_DEPLOYMENT_TARGET = 14.0;
				PRODUCT_BUNDLE_IDENTIFIER = com.quicknote.widget;
				PRODUCT_NAME = "QuickNote Widget";
				SDKROOT = macosx;
				SWIFT_VERSION = 5.9;
			};
			name = Debug;
		};
		8F162A8539CD57FD24646DD7 /* Release */ = {
			isa = XCBuildConfiguration;
			buildSettings = {
				ALWAYS_SEARCH_USER_PATHS = NO;
				CLANG_ANALYZER_NONNULL = YES;
				CLANG_ANALYZER_NUMBER_OBJECT_CONVERSION = YES_AGGRESSIVE;
				CLANG_CXX_LANGUAGE_STANDARD = "gnu++14";
				CLANG_CXX_LIBRARY = "libc++";
				CLANG_ENABLE_MODULES = YES;
				CLANG_ENABLE_OBJC_ARC = YES;
				CLANG_ENABLE_OBJC_WEAK = YES;
				CLANG_WARN_BLOCK_CAPTURE_AUTORELEASING = YES;
				CLANG_WARN_BOOL_CONVERSION = YES;
				CLANG_WARN_COMMA = YES;
				CLANG_WARN_CONSTANT_CONVERSION = YES;
				CLANG_WARN_DEPRECATED_OBJC_IMPLEMENTATIONS = YES;
				CLANG_WARN_DIRECT_OBJC_ISA_USAGE = YES_ERROR;
				CLANG_WARN_DOCUMENTATION_COMMENTS = YES;
				CLANG_WARN_EMPTY_BODY = YES;
				CLANG_WARN_ENUM_CONVERSION = YES;
				CLANG_WARN_INFINITE_RECURSION = YES;
				CLANG_WARN_INT_CONVERSION = YES;
				CLANG_WARN_NON_LITERAL_NULL_CONVERSION = YES;
				CLANG_WARN_OBJC_IMPLICIT_RETAIN_SELF = YES;
				CLANG_WARN_OBJC_LITERAL_CONVERSION = YES;
				CLANG_WARN_OBJC_ROOT_CLASS = YES_ERROR;
				CLANG_WARN_QUOTED_INCLUDE_IN_FRAMEWORK_HEADER = YES;
				CLANG_WARN_RANGE_LOOP_ANALYSIS = YES;
				CLANG_WARN_STRICT_PROTOTYPES = YES;
				CLANG_WARN_SUSPICIOUS_MOVE = YES;
				CLANG_WARN_UNGUARDED_AVAILABILITY = YES_AGGRESSIVE;
				CLANG_WARN_UNREACHABLE_CODE = YES;
				CLANG_WARN__DUPLICATE_METHOD_MATCH = YES;
				COPY_PHASE_STRIP = NO;
				DEBUG_INFORMATION_FORMAT = "dwarf-with-dsym";
				ENABLE_NS_ASSERTIONS = NO;
				ENABLE_STRICT_OBJC_MSGSEND = YES;
				GCC_C_LANGUAGE_STANDARD = gnu11;
				GCC_NO_COMMON_BLOCKS = YES;
				GCC_WARN_64_TO_32_BIT_CONVERSION = YES;
				GCC_WARN_ABOUT_RETURN_TYPE = YES_ERROR;
				GCC_WARN_UNDECLARED_SELECTOR = YES;
				GCC_WARN_UNINITIALIZED_AUTOS = YES_AGGRESSIVE;
				GCC_WARN_UNUSED_FUNCTION = YES;
				GCC_WARN_UNUSED_VARIABLE = YES;
				MACOSX_DEPLOYMENT_TARGET = 14.0;
				MTL_ENABLE_DEBUG_INFO = NO;
				MTL_FAST_MATH = YES;
				PRODUCT_NAME = "$(TARGET_NAME)";
				SDKROOT = macosx;
				SWIFT_COMPILATION_MODE = wholemodule;
				SWIFT_OPTIMIZATION_LEVEL = "-O";
				SWIFT_VERSION = 5.0;
			};
			name = Release;
		};
		9B6FB6B0C3733D3EABDE1D54 /* Release */ = {
			isa = XCBuildConfiguration;
			buildSettings = {
				ASSETCATALOG_COMPILER_APPICON_NAME = AppIcon;
				CODE_SIGN_STYLE = Automatic;
				COMBINE_HIDPI_IMAGES = YES;
				GENERATE_INFOPLIST_FILE = YES;
				INFOPLIST_KEY_CFBundleDisplayName = "QuickNote Widget";
				INFOPLIST_KEY_LSApplicationCategoryType = "public.app-category.productivity";
				LD_RUNPATH_SEARCH_PATHS = (
					"$(inherited)",
					"@executable_path/../Frameworks",
				);
				MACOSX_DEPLOYMENT_TARGET = 14.0;
				PRODUCT_BUNDLE_IDENTIFIER = com.quicknote.widget;
				PRODUCT_NAME = "QuickNote Widget";
				SDKROOT = macosx;
				SWIFT_VERSION = 5.9;
			};
			name = Release;
		};
		AD170711579BF9026CA2C43A /* Debug */ = {
			isa = XCBuildConfiguration;
			buildSettings = {
				CODE_SIGN_STYLE = Automatic;
				COMBINE_HIDPI_IMAGES = YES;
				GENERATE_INFOPLIST_FILE = YES;
				INFOPLIST_FILE = QuickNoteWidgetExtension/Info.plist;
				INFOPLIST_KEY_CFBundleDisplayName = QuickNote;
				INFOPLIST_KEY_NSHumanReadableCopyright = "";
				LD_RUNPATH_SEARCH_PATHS = "$(inherited) @executable_path/../Frameworks @executable_path/../../../../Frameworks";
				MACOSX_DEPLOYMENT_TARGET = 14.0;
				PRODUCT_BUNDLE_IDENTIFIER = com.quicknote.widget.extension;
				PRODUCT_NAME = QuickNoteWidgetExtension;
				SDKROOT = macosx;
				SWIFT_VERSION = 5.9;
			};
			name = Debug;
		};
		ECA0832CED3860200B374CCD /* Debug */ = {
			isa = XCBuildConfiguration;
			buildSettings = {
				ALWAYS_SEARCH_USER_PATHS = NO;
				CLANG_ANALYZER_NONNULL = YES;
				CLANG_ANALYZER_NUMBER_OBJECT_CONVERSION = YES_AGGRESSIVE;
				CLANG_CXX_LANGUAGE_STANDARD = "gnu++14";
				CLANG_CXX_LIBRARY = "libc++";
				CLANG_ENABLE_MODULES = YES;
				CLANG_ENABLE_OBJC_ARC = YES;
				CLANG_ENABLE_OBJC_WEAK = YES;
				CLANG_WARN_BLOCK_CAPTURE_AUTORELEASING = YES;
				CLANG_WARN_BOOL_CONVERSION = YES;
				CLANG_WARN_COMMA = YES;
				CLANG_WARN_CONSTANT_CONVERSION = YES;
				CLANG_WARN_DEPRECATED_OBJC_IMPLEMENTATIONS = YES;
				CLANG_WARN_DIRECT_OBJC_ISA_USAGE = YES_ERROR;
				CLANG_WARN_DOCUMENTATION_COMMENTS = YES;
				CLANG_WARN_EMPTY_BODY = YES;
				CLANG_WARN_ENUM_CONVERSION = YES;
				CLANG_WARN_INFINITE_RECURSION = YES;
				CLANG_WARN_INT_CONVERSION = YES;
				CLANG_WARN_NON_LITERAL_NULL_CONVERSION = YES;
				CLANG_WARN_OBJC_IMPLICIT_RETAIN_SELF = YES;
				CLANG_WARN_OBJC_LITERAL_CONVERSION = YES;
				CLANG_WARN_OBJC_ROOT_CLASS = YES_ERROR;
				CLANG_WARN_QUOTED_INCLUDE_IN_FRAMEWORK_HEADER = YES;
				CLANG_WARN_RANGE_LOOP_ANALYSIS = YES;
				CLANG_WARN_STRICT_PROTOTYPES = YES;
				CLANG_WARN_SUSPICIOUS_MOVE = YES;
				CLANG_WARN_UNGUARDED_AVAILABILITY = YES_AGGRESSIVE;
				CLANG_WARN_UNREACHABLE_CODE = YES;
				CLANG_WARN__DUPLICATE_METHOD_MATCH = YES;
				COPY_PHASE_STRIP = NO;
				DEBUG_INFORMATION_FORMAT = dwarf;
				ENABLE_STRICT_OBJC_MSGSEND = YES;
				ENABLE_TESTABILITY = YES;
				GCC_C_LANGUAGE_STANDARD = gnu11;
				GCC_DYNAMIC_NO_PIC = NO;
				GCC_NO_COMMON_BLOCKS = YES;
				GCC_OPTIMIZATION_LEVEL = 0;
				GCC_PREPROCESSOR_DEFINITIONS = (
					"$(inherited)",
					"DEBUG=1",
				);
				GCC_WARN_64_TO_32_BIT_CONVERSION = YES;
				GCC_WARN_ABOUT_RETURN_TYPE = YES_ERROR;
				GCC_WARN_UNDECLARED_SELECTOR = YES;
				GCC_WARN_UNINITIALIZED_AUTOS = YES_AGGRESSIVE;
				GCC_WARN_UNUSED_FUNCTION = YES;
				GCC_WARN_UNUSED_VARIABLE = YES;
				MACOSX_DEPLOYMENT_TARGET = 14.0;
				MTL_ENABLE_DEBUG_INFO = INCLUDE_SOURCE;
				MTL_FAST_MATH = YES;
				ONLY_ACTIVE_ARCH = YES;
				PRODUCT_NAME = "$(TARGET_NAME)";
				SDKROOT = macosx;
				SWIFT_ACTIVE_COMPILATION_CONDITIONS = DEBUG;
				SWIFT_OPTIMIZATION_LEVEL = "-Onone";
				SWIFT_VERSION = 5.0;
			};
			name = Debug;
		};
/* End XCBuildConfiguration section */

/* Begin XCConfigurationList section */
		0F31FE795262AD7CB90FBC31 /* Build configuration list for PBXProject "QuickNoteWidget" */ = {
			isa = XCConfigurationList;
			buildConfigurations = (
				ECA0832CED3860200B374CCD /* Debug */,
				8F162A8539CD57FD24646DD7 /* Release */,
			);
			defaultConfigurationIsVisible = 0;
			defaultConfigurationName = Debug;
		};
		1C770BC1258B0AF6A816C7CD /* Build configuration list for PBXNativeTarget "QuickNoteWidget" */ = {
			isa = XCConfigurationList;
			buildConfigurations = (
				211F0C0610091C4CC6F65C43 /* Debug */,
				9B6FB6B0C3733D3EABDE1D54 /* Release */,
			);
			defaultConfigurationIsVisible = 0;
			defaultConfigurationName = Debug;
		};
		AD4AF5E425478B130878E478 /* Build configuration list for PBXNativeTarget "QuickNoteWidgetExtension" */ = {
			isa = XCConfigurationList;
			buildConfigurations = (
				AD170711579BF9026CA2C43A /* Debug */,
				10228DE532D09A7527907FA7 /* Release */,
			);
			defaultConfigurationIsVisible = 0;
			defaultConfigurationName = Debug;
		};
/* End XCConfigurationList section */
	};
	rootObject = 704CF80A4B226DA374B0F762 /* Project object */;
}
